
Microsoft Visual Studio Solution File, Format Version 12.00
# Visual Studio Version 17
VisualStudioVersion = 17.0.31903.59
MinimumVisualStudioVersion = 10.0.40219.1
Project("{2150E333-8FDC-42A3-9474-1A3956D46DE8}") = "src", "src", "{827E0CD3-B72D-47B6-A68D-7590B98EB39B}"
EndProject
Project("{FAE04EC0-301F-11D3-BF4B-00C04F79EFBC}") = "Resilion", "src\Resilion\Resilion.csproj", "{6F40F09C-4EC7-45ED-834A-AF7A02AD14E7}"
EndProject
Project("{FAE04EC0-301F-11D3-BF4B-00C04F79EFBC}") = "Resilion.Extensions", "src\Resilion.Extensions\Resilion.Extensions.csproj", "{F5340000-510D-40E8-8A20-FB2C721382E8}"
EndProject
Project("{FAE04EC0-301F-11D3-BF4B-00C04F79EFBC}") = "Resilion.RateLimiting", "src\Resilion.RateLimiting\Resilion.RateLimiting.csproj", "{49A634E0-7EA3-48D6-B15D-93E84738A282}"
EndProject
Project("{2150E333-8FDC-42A3-9474-1A3956D46DE8}") = "tests", "tests", "{0AB3BF05-4346-4AA6-1389-037BE0695223}"
EndProject
Project("{FAE04EC0-301F-11D3-BF4B-00C04F79EFBC}") = "Resilion.Tests", "tests\Resilion.Tests\Resilion.Tests.csproj", "{7C800530-ADA9-48CF-95B0-2E4ECF7A5041}"
EndProject
Project("{FAE04EC0-301F-11D3-BF4B-00C04F79EFBC}") = "Resilion.Extensions.Tests", "tests\Resilion.Extensions.Tests\Resilion.Extensions.Tests.csproj", "{A0EC64D8-078D-43A7-AA73-74AF5319CABB}"
EndProject
Project("{2150E333-8FDC-42A3-9474-1A3956D46DE8}") = "samples", "samples", "{5D20AA90-6969-D8BD-9DCD-8634F4692FDA}"
EndProject
Project("{FAE04EC0-301F-11D3-BF4B-00C04F79EFBC}") = "Resilion.Samples", "samples\Resilion.Samples\Resilion.Samples.csproj", "{65299870-8203-4726-B350-B4C85586D162}"
EndProject
Project("{2150E333-8FDC-42A3-9474-1A3956D46DE8}") = "benchmarks", "benchmarks", "{9C7D7E4D-8F4E-4B5A-9E6D-1F8C3B2A5D6E}"
EndProject
Project("{FAE04EC0-301F-11D3-BF4B-00C04F79EFBC}") = "Resilion.Benchmarks", "benchmarks\Resilion.Benchmarks\Resilion.Benchmarks.csproj", "{7A9E5C6B-4D3F-4E2B-1F5D-8C7B6A9E4D3C}"
EndProject
Global
	GlobalSection(SolutionConfigurationPlatforms) = preSolution
		Debug|Any CPU = Debug|Any CPU
		Debug|x64 = Debug|x64
		Debug|x86 = Debug|x86
		Release|Any CPU = Release|Any CPU
		Release|x64 = Release|x64
		Release|x86 = Release|x86
	EndGlobalSection
	GlobalSection(ProjectConfigurationPlatforms) = postSolution
		{6F40F09C-4EC7-45ED-834A-AF7A02AD14E7}.Debug|Any CPU.ActiveCfg = Debug|Any CPU
		{6F40F09C-4EC7-45ED-834A-AF7A02AD14E7}.Debug|Any CPU.Build.0 = Debug|Any CPU
		{6F40F09C-4EC7-45ED-834A-AF7A02AD14E7}.Debug|x64.ActiveCfg = Debug|Any CPU
		{6F40F09C-4EC7-45ED-834A-AF7A02AD14E7}.Debug|x64.Build.0 = Debug|Any CPU
		{6F40F09C-4EC7-45ED-834A-AF7A02AD14E7}.Debug|x86.ActiveCfg = Debug|Any CPU
		{6F40F09C-4EC7-45ED-834A-AF7A02AD14E7}.Debug|x86.Build.0 = Debug|Any CPU
		{6F40F09C-4EC7-45ED-834A-AF7A02AD14E7}.Release|Any CPU.ActiveCfg = Release|Any CPU
		{6F40F09C-4EC7-45ED-834A-AF7A02AD14E7}.Release|Any CPU.Build.0 = Release|Any CPU
		{6F40F09C-4EC7-45ED-834A-AF7A02AD14E7}.Release|x64.ActiveCfg = Release|Any CPU
		{6F40F09C-4EC7-45ED-834A-AF7A02AD14E7}.Release|x64.Build.0 = Release|Any CPU
		{6F40F09C-4EC7-45ED-834A-AF7A02AD14E7}.Release|x86.ActiveCfg = Release|Any CPU
		{6F40F09C-4EC7-45ED-834A-AF7A02AD14E7}.Release|x86.Build.0 = Release|Any CPU
		{F5340000-510D-40E8-8A20-FB2C721382E8}.Debug|Any CPU.ActiveCfg = Debug|Any CPU
		{F5340000-510D-40E8-8A20-FB2C721382E8}.Debug|Any CPU.Build.0 = Debug|Any CPU
		{F5340000-510D-40E8-8A20-FB2C721382E8}.Debug|x64.ActiveCfg = Debug|Any CPU
		{F5340000-510D-40E8-8A20-FB2C721382E8}.Debug|x64.Build.0 = Debug|Any CPU
		{F5340000-510D-40E8-8A20-FB2C721382E8}.Debug|x86.ActiveCfg = Debug|Any CPU
		{F5340000-510D-40E8-8A20-FB2C721382E8}.Debug|x86.Build.0 = Debug|Any CPU
		{F5340000-510D-40E8-8A20-FB2C721382E8}.Release|Any CPU.ActiveCfg = Release|Any CPU
		{F5340000-510D-40E8-8A20-FB2C721382E8}.Release|Any CPU.Build.0 = Release|Any CPU
		{F5340000-510D-40E8-8A20-FB2C721382E8}.Release|x64.ActiveCfg = Release|Any CPU
		{F5340000-510D-40E8-8A20-FB2C721382E8}.Release|x64.Build.0 = Release|Any CPU
		{F5340000-510D-40E8-8A20-FB2C721382E8}.Release|x86.ActiveCfg = Release|Any CPU
		{F5340000-510D-40E8-8A20-FB2C721382E8}.Release|x86.Build.0 = Release|Any CPU
		{49A634E0-7EA3-48D6-B15D-93E84738A282}.Debug|Any CPU.ActiveCfg = Debug|Any CPU
		{49A634E0-7EA3-48D6-B15D-93E84738A282}.Debug|Any CPU.Build.0 = Debug|Any CPU
		{49A634E0-7EA3-48D6-B15D-93E84738A282}.Debug|x64.ActiveCfg = Debug|Any CPU
		{49A634E0-7EA3-48D6-B15D-93E84738A282}.Debug|x64.Build.0 = Debug|Any CPU
		{49A634E0-7EA3-48D6-B15D-93E84738A282}.Debug|x86.ActiveCfg = Debug|Any CPU
		{49A634E0-7EA3-48D6-B15D-93E84738A282}.Debug|x86.Build.0 = Debug|Any CPU
		{49A634E0-7EA3-48D6-B15D-93E84738A282}.Release|Any CPU.ActiveCfg = Release|Any CPU
		{49A634E0-7EA3-48D6-B15D-93E84738A282}.Release|Any CPU.Build.0 = Release|Any CPU
		{49A634E0-7EA3-48D6-B15D-93E84738A282}.Release|x64.ActiveCfg = Release|Any CPU
		{49A634E0-7EA3-48D6-B15D-93E84738A282}.Release|x64.Build.0 = Release|Any CPU
		{49A634E0-7EA3-48D6-B15D-93E84738A282}.Release|x86.ActiveCfg = Release|Any CPU
		{49A634E0-7EA3-48D6-B15D-93E84738A282}.Release|x86.Build.0 = Release|Any CPU
		{7C800530-ADA9-48CF-95B0-2E4ECF7A5041}.Debug|Any CPU.ActiveCfg = Debug|Any CPU
		{7C800530-ADA9-48CF-95B0-2E4ECF7A5041}.Debug|Any CPU.Build.0 = Debug|Any CPU
		{7C800530-ADA9-48CF-95B0-2E4ECF7A5041}.Debug|x64.ActiveCfg = Debug|Any CPU
		{7C800530-ADA9-48CF-95B0-2E4ECF7A5041}.Debug|x64.Build.0 = Debug|Any CPU
		{7C800530-ADA9-48CF-95B0-2E4ECF7A5041}.Debug|x86.ActiveCfg = Debug|Any CPU
		{7C800530-ADA9-48CF-95B0-2E4ECF7A5041}.Debug|x86.Build.0 = Debug|Any CPU
		{7C800530-ADA9-48CF-95B0-2E4ECF7A5041}.Release|Any CPU.ActiveCfg = Release|Any CPU
		{7C800530-ADA9-48CF-95B0-2E4ECF7A5041}.Release|Any CPU.Build.0 = Release|Any CPU
		{7C800530-ADA9-48CF-95B0-2E4ECF7A5041}.Release|x64.ActiveCfg = Release|Any CPU
		{7C800530-ADA9-48CF-95B0-2E4ECF7A5041}.Release|x64.Build.0 = Release|Any CPU
		{7C800530-ADA9-48CF-95B0-2E4ECF7A5041}.Release|x86.ActiveCfg = Release|Any CPU
		{7C800530-ADA9-48CF-95B0-2E4ECF7A5041}.Release|x86.Build.0 = Release|Any CPU
		{A0EC64D8-078D-43A7-AA73-74AF5319CABB}.Debug|Any CPU.ActiveCfg = Debug|Any CPU
		{A0EC64D8-078D-43A7-AA73-74AF5319CABB}.Debug|Any CPU.Build.0 = Debug|Any CPU
		{A0EC64D8-078D-43A7-AA73-74AF5319CABB}.Debug|x64.ActiveCfg = Debug|Any CPU
		{A0EC64D8-078D-43A7-AA73-74AF5319CABB}.Debug|x64.Build.0 = Debug|Any CPU
		{A0EC64D8-078D-43A7-AA73-74AF5319CABB}.Debug|x86.ActiveCfg = Debug|Any CPU
		{A0EC64D8-078D-43A7-AA73-74AF5319CABB}.Debug|x86.Build.0 = Debug|Any CPU
		{A0EC64D8-078D-43A7-AA73-74AF5319CABB}.Release|Any CPU.ActiveCfg = Release|Any CPU
		{A0EC64D8-078D-43A7-AA73-74AF5319CABB}.Release|Any CPU.Build.0 = Release|Any CPU
		{A0EC64D8-078D-43A7-AA73-74AF5319CABB}.Release|x64.ActiveCfg = Release|Any CPU
		{A0EC64D8-078D-43A7-AA73-74AF5319CABB}.Release|x64.Build.0 = Release|Any CPU
		{A0EC64D8-078D-43A7-AA73-74AF5319CABB}.Release|x86.ActiveCfg = Release|Any CPU
		{A0EC64D8-078D-43A7-AA73-74AF5319CABB}.Release|x86.Build.0 = Release|Any CPU
		{65299870-8203-4726-B350-B4C85586D162}.Debug|Any CPU.ActiveCfg = Debug|Any CPU
		{65299870-8203-4726-B350-B4C85586D162}.Debug|Any CPU.Build.0 = Debug|Any CPU
		{65299870-8203-4726-B350-B4C85586D162}.Debug|x64.ActiveCfg = Debug|Any CPU
		{65299870-8203-4726-B350-B4C85586D162}.Debug|x64.Build.0 = Debug|Any CPU
		{65299870-8203-4726-B350-B4C85586D162}.Debug|x86.ActiveCfg = Debug|Any CPU
		{65299870-8203-4726-B350-B4C85586D162}.Debug|x86.Build.0 = Debug|Any CPU
		{65299870-8203-4726-B350-B4C85586D162}.Release|Any CPU.ActiveCfg = Release|Any CPU
		{65299870-8203-4726-B350-B4C85586D162}.Release|Any CPU.Build.0 = Release|Any CPU
		{65299870-8203-4726-B350-B4C85586D162}.Release|x64.ActiveCfg = Release|Any CPU
		{65299870-8203-4726-B350-B4C85586D162}.Release|x64.Build.0 = Release|Any CPU
		{65299870-8203-4726-B350-B4C85586D162}.Release|x86.ActiveCfg = Release|Any CPU
		{65299870-8203-4726-B350-B4C85586D162}.Release|x86.Build.0 = Release|Any CPU
		{7A9E5C6B-4D3F-4E2B-1F5D-8C7B6A9E4D3C}.Debug|Any CPU.ActiveCfg = Debug|Any CPU
		{7A9E5C6B-4D3F-4E2B-1F5D-8C7B6A9E4D3C}.Debug|Any CPU.Build.0 = Debug|Any CPU
		{7A9E5C6B-4D3F-4E2B-1F5D-8C7B6A9E4D3C}.Debug|x64.ActiveCfg = Debug|Any CPU
		{7A9E5C6B-4D3F-4E2B-1F5D-8C7B6A9E4D3C}.Debug|x64.Build.0 = Debug|Any CPU
		{7A9E5C6B-4D3F-4E2B-1F5D-8C7B6A9E4D3C}.Debug|x86.ActiveCfg = Debug|Any CPU
		{7A9E5C6B-4D3F-4E2B-1F5D-8C7B6A9E4D3C}.Debug|x86.Build.0 = Debug|Any CPU
		{7A9E5C6B-4D3F-4E2B-1F5D-8C7B6A9E4D3C}.Release|Any CPU.ActiveCfg = Release|Any CPU
		{7A9E5C6B-4D3F-4E2B-1F5D-8C7B6A9E4D3C}.Release|Any CPU.Build.0 = Release|Any CPU
		{7A9E5C6B-4D3F-4E2B-1F5D-8C7B6A9E4D3C}.Release|x64.ActiveCfg = Release|Any CPU
		{7A9E5C6B-4D3F-4E2B-1F5D-8C7B6A9E4D3C}.Release|x64.Build.0 = Release|Any CPU
		{7A9E5C6B-4D3F-4E2B-1F5D-8C7B6A9E4D3C}.Release|x86.ActiveCfg = Release|Any CPU
		{7A9E5C6B-4D3F-4E2B-1F5D-8C7B6A9E4D3C}.Release|x86.Build.0 = Release|Any CPU
	EndGlobalSection
	GlobalSection(SolutionProperties) = preSolution
		HideSolutionNode = FALSE
	EndGlobalSection
	GlobalSection(NestedProjects) = preSolution
		{6F40F09C-4EC7-45ED-834A-AF7A02AD14E7} = {827E0CD3-B72D-47B6-A68D-7590B98EB39B}
		{F5340000-510D-40E8-8A20-FB2C721382E8} = {827E0CD3-B72D-47B6-A68D-7590B98EB39B}
		{49A634E0-7EA3-48D6-B15D-93E84738A282} = {827E0CD3-B72D-47B6-A68D-7590B98EB39B}
		{7C800530-ADA9-48CF-95B0-2E4ECF7A5041} = {0AB3BF05-4346-4AA6-1389-037BE0695223}
		{A0EC64D8-078D-43A7-AA73-74AF5319CABB} = {0AB3BF05-4346-4AA6-1389-037BE0695223}
		{65299870-8203-4726-B350-B4C85586D162} = {5D20AA90-6969-D8BD-9DCD-8634F4692FDA}
		{7A9E5C6B-4D3F-4E2B-1F5D-8C7B6A9E4D3C} = {9C7D7E4D-8F4E-4B5A-9E6D-1F8C3B2A5D6E}
	EndGlobalSection
EndGlobal
